dependencies:
- name: grafana
  repository: https://charts.bitnami.com/bitnami
  version: 7.9.8
- name: kube-prometheus
  repository: https://charts.bitnami.com/bitnami
  version: 8.0.9
- name: postgresql
  repository: https://charts.bitnami.com/bitnami
  version: 11.0.5
- name: nats
  repository: https://nats-io.github.io/k8s/helm/charts/
  version: 0.13.1
digest: sha256:40f9e9f7e7767d32b337aed99f5bead1c97c3033e26180e947de63527e419e1f
generated: "2022-07-03T09:34:29.767538+12:00"
