dependencies:
- name: postgresql-ha
  repository: https://charts.bitnami.com/bitnami
  version: 9.1.9
- name: nats
  repository: https://nats-io.github.io/k8s/helm/charts/
  version: 0.13.1
digest: sha256:2f34681d0805ed6765b70f695c51d8d4646f8d38d8f77ff313b88a7f5270fa65
generated: "2022-07-01T07:50:52.36313+12:00"
